<?xml version="1.0" encoding="UTF-8" standalone="yes" ?>
<CodeBlocks_project_file>
	<FileVersion major="1" minor="6" />
	<Project>
		<Option title="lisa" />
		<Option pch_mode="2" />
		<Option compiler="gcc" />
		<Build>
			<Target title="Debug">
				<Option output="bin/Debug/lisa" prefix_auto="1" extension_auto="1" />
				<Option object_output="obj/Debug/" />
				<Option type="1" />
				<Option compiler="gcc" />
				<Option parameters="--map --input h:\Hansen2000\Hansen2000.bin --map-reduction 250 --output h:\Hansen2000\Hansen2000.dat --map-type 1 " />
				<Compiler>
					<Add option="-g" />
					<Add directory="../../msys64/mingw64/include" />
				</Compiler>
				<Linker>
					<Add library="libtiff" />
					<Add directory="../../msys64/mingw64/lib" />
				</Linker>
			</Target>
			<Target title="Release">
				<Option output="bin/Release/lisa" prefix_auto="1" extension_auto="1" />
				<Option object_output="obj/Release/" />
				<Option type="1" />
				<Option compiler="gcc" />
				<Option parameters="--analyze --input c:\data\hansen2000\Hansen_FC2000_UINT8_LZW_world.tif --threshold 50 --edge-distance 60 --extend 70,-180,180,68" />
				<Compiler>
					<Add option="-O2" />
					<Add directory="../../msys64/mingw64/include" />
				</Compiler>
				<Linker>
					<Add option="-s" />
					<Add option="-static" />
					<Add library="libtiff" />
					<Add library="libjpeg" />
					<Add library="libz" />
					<Add library="liblzma" />
					<Add directory="../../msys64/mingw64/lib" />
				</Linker>
			</Target>
		</Build>
		<Compiler>
			<Add option="-fexceptions" />
		</Compiler>
		<Unit filename="src/analysis/cluster.cpp" />
		<Unit filename="src/analysis/cluster.h" />
		<Unit filename="src/analysis/map.cpp" />
		<Unit filename="src/analysis/map.h" />
		<Unit filename="src/analysis/proj.cpp" />
		<Unit filename="src/analysis/proj.h" />
		<Unit filename="src/cmdline.cpp" />
		<Unit filename="src/cmdline.h" />
		<Unit filename="src/common/bmatrix.h" />
		<Unit filename="src/common/cmdoptions.cpp" />
		<Unit filename="src/common/cmdoptions.h" />
		<Unit filename="src/common/rand.h" />
		<Unit filename="src/common/timer.h" />
		<Unit filename="src/file/asc.cpp" />
		<Unit filename="src/file/asc.h" />
		<Unit filename="src/file/bitio.h" />
		<Unit filename="src/file/bm.cpp" />
		<Unit filename="src/file/bm.h" />
		<Unit filename="src/file/bri.cpp" />
		<Unit filename="src/file/bri.h" />
		<Unit filename="src/file/img.h" />
		<Unit filename="src/file/pgm.cpp" />
		<Unit filename="src/file/pgm.h" />
		<Unit filename="src/file/shape.cpp" />
		<Unit filename="src/file/shape.h" />
		<Unit filename="src/file/tiff.cpp" />
		<Unit filename="src/file/tiff.h" />
		<Unit filename="src/global.h" />
		<Unit filename="src/main.cpp" />
		<Unit filename="src/model/cm.cpp" />
		<Unit filename="src/model/cm.h" />
		<Unit filename="src/model/counter.h" />
		<Unit filename="src/model/mixer.h" />
		<Unit filename="src/model/model.h" />
		<Unit filename="src/model/rangecoder.cpp" />
		<Unit filename="src/model/rangecoder.h" />
		<Unit filename="src/model/sic.cpp" />
		<Unit filename="src/model/sic.h" />
		<Unit filename="src/utils.h" />
		<Extensions>
			<code_completion />
			<envvars />
			<debugger />
			<lib_finder disable_auto="1" />
		</Extensions>
	</Project>
</CodeBlocks_project_file>
